// !$*UTF8*$!
{
	archiveVersion = 1;
	classes = {
	};
	objectVersion = 55;
	objects = {

/* Begin PBXBuildFile section */
		3F5A1222FF3142681E45BF00 /* Pods_P10_Reciplease.framework in Frameworks */ = {isa = PBXBuildFile; fileRef = 189AA09E19746D0339E76A69 /* Pods_P10_Reciplease.framework */; };
		571647F927905E9D00FE7BFA /* AppDelegate.swift in Sources */ = {isa = PBXBuildFile; fileRef = 571647F827905E9D00FE7BFA /* AppDelegate.swift */; };
		571647FB27905E9D00FE7BFA /* SceneDelegate.swift in Sources */ = {isa = PBXBuildFile; fileRef = 571647FA27905E9D00FE7BFA /* SceneDelegate.swift */; };
		571647FD27905E9D00FE7BFA /* SearchViewController.swift in Sources */ = {isa = PBXBuildFile; fileRef = 571647FC27905E9D00FE7BFA /* SearchViewController.swift */; };
		5716480027905E9E00FE7BFA /* Main.storyboard in Resources */ = {isa = PBXBuildFile; fileRef = 571647FE27905E9E00FE7BFA /* Main.storyboard */; };
		5716480327905E9E00FE7BFA /* P10_Reciplease.xcdatamodeld in Sources */ = {isa = PBXBuildFile; fileRef = 5716480127905E9E00FE7BFA /* P10_Reciplease.xcdatamodeld */; };
		5716480527905E9F00FE7BFA /* Assets.xcassets in Resources */ = {isa = PBXBuildFile; fileRef = 5716480427905E9F00FE7BFA /* Assets.xcassets */; };
		5716480827905E9F00FE7BFA /* LaunchScreen.storyboard in Resources */ = {isa = PBXBuildFile; fileRef = 5716480627905E9F00FE7BFA /* LaunchScreen.storyboard */; };
		5716481327905E9F00FE7BFA /* P10_RecipleaseTests.swift in Sources */ = {isa = PBXBuildFile; fileRef = 5716481227905E9F00FE7BFA /* P10_RecipleaseTests.swift */; };
		57446B632793787000230767 /* DirectionWebViewController.swift in Sources */ = {isa = PBXBuildFile; fileRef = 57446B622793787000230767 /* DirectionWebViewController.swift */; };
		575158CE2794A9E000C2F951 /* UIView+addBlurEffect.swift in Sources */ = {isa = PBXBuildFile; fileRef = 575158CD2794A9E000C2F951 /* UIView+addBlurEffect.swift */; };
		575158D02794ABF100C2F951 /* UIView+addBlackGradient.swift in Sources */ = {isa = PBXBuildFile; fileRef = 575158CF2794ABF100C2F951 /* UIView+addBlackGradient.swift */; };
		5769F62E2790952C009726F7 /* RecipeData.swift in Sources */ = {isa = PBXBuildFile; fileRef = 5769F62D2790952C009726F7 /* RecipeData.swift */; };
		5769F6312790A7A0009726F7 /* SearchResultTableViewCell.swift in Sources */ = {isa = PBXBuildFile; fileRef = 5769F62F2790A7A0009726F7 /* SearchResultTableViewCell.swift */; };
		5769F6322790A7A0009726F7 /* SearchResultTableViewCell.xib in Resources */ = {isa = PBXBuildFile; fileRef = 5769F6302790A7A0009726F7 /* SearchResultTableViewCell.xib */; };
		5769F6342790AC8F009726F7 /* SearchResultViewController.swift in Sources */ = {isa = PBXBuildFile; fileRef = 5769F6332790AC8F009726F7 /* SearchResultViewController.swift */; };
		5769F6362790ACEA009726F7 /* FavoriteRecipeRepository.swift in Sources */ = {isa = PBXBuildFile; fileRef = 5769F6352790ACEA009726F7 /* FavoriteRecipeRepository.swift */; };
		5769F6382790AD43009726F7 /* Recipe.swift in Sources */ = {isa = PBXBuildFile; fileRef = 5769F6372790AD43009726F7 /* Recipe.swift */; };
		576E48102791AF6200996F3B /* RecipeModel.swift in Sources */ = {isa = PBXBuildFile; fileRef = 576E480F2791AF6200996F3B /* RecipeModel.swift */; };
		579322762791DEFD008922F8 /* RecipeDetailsViewController.swift in Sources */ = {isa = PBXBuildFile; fileRef = 579322752791DEFD008922F8 /* RecipeDetailsViewController.swift */; };
		579322782791FF89008922F8 /* FavoriteViewController.swift in Sources */ = {isa = PBXBuildFile; fileRef = 579322772791FF89008922F8 /* FavoriteViewController.swift */; };
		5795572C27932E8600A2C45E /* RecipeIngredient.swift in Sources */ = {isa = PBXBuildFile; fileRef = 5795572B27932E8600A2C45E /* RecipeIngredient.swift */; };
		5795572F27932F1A00A2C45E /* RecipeIngredientRepository.swift in Sources */ = {isa = PBXBuildFile; fileRef = 5795572E27932F1A00A2C45E /* RecipeIngredientRepository.swift */; };
		57C2C04027906FB800EF509E /* RecipeService.swift in Sources */ = {isa = PBXBuildFile; fileRef = 57C2C03F27906FB800EF509E /* RecipeService.swift */; };
		57C2C0422790724100EF509E /* FridgeIngredient.swift in Sources */ = {isa = PBXBuildFile; fileRef = 57C2C0412790724100EF509E /* FridgeIngredient.swift */; };
		57C2C044279074FD00EF509E /* FridgeIngredientRepository.swift in Sources */ = {isa = PBXBuildFile; fileRef = 57C2C043279074FD00EF509E /* FridgeIngredientRepository.swift */; };
		57C2C0462790754A00EF509E /* CoreDataStack.swift in Sources */ = {isa = PBXBuildFile; fileRef = 57C2C0452790754A00EF509E /* CoreDataStack.swift */; };
		86E4D751874B52EED89239A8 /* Pods_P10_RecipleaseTests.framework in Frameworks */ = {isa = PBXBuildFile; fileRef = ECCBB49463E0CC6BB55DEE3E /* Pods_P10_RecipleaseTests.framework */; };
/* End PBXBuildFile section */

/* Begin PBXContainerItemProxy section */
		5716480F27905E9F00FE7BFA /* PBXContainerItemProxy */ = {
			isa = PBXContainerItemProxy;
			containerPortal = 571647ED27905E9D00FE7BFA /* Project object */;
			proxyType = 1;
			remoteGlobalIDString = 571647F427905E9D00FE7BFA;
			remoteInfo = P10_Reciplease;
		};
/* End PBXContainerItemProxy section */

/* Begin PBXFileReference section */
		08F41544424959F7064BDC5D /* Pods-P10_RecipleaseTests.release.xcconfig */ = {isa = PBXFileReference; includeInIndex = 1; lastKnownFileType = text.xcconfig; name = "Pods-P10_RecipleaseTests.release.xcconfig"; path = "Target Support Files/Pods-P10_RecipleaseTests/Pods-P10_RecipleaseTests.release.xcconfig"; sourceTree = "<group>"; };
		189AA09E19746D0339E76A69 /* Pods_P10_Reciplease.framework */ = {isa = PBXFileReference; explicitFileType = wrapper.framework; includeInIndex = 0; path = Pods_P10_Reciplease.framework; sourceTree = BUILT_PRODUCTS_DIR; };
		1CB042983539FE6405B6098E /* Pods-P10_RecipleaseTests.debug.xcconfig */ = {isa = PBXFileReference; includeInIndex = 1; lastKnownFileType = text.xcconfig; name = "Pods-P10_RecipleaseTests.debug.xcconfig"; path = "Target Support Files/Pods-P10_RecipleaseTests/Pods-P10_RecipleaseTests.debug.xcconfig"; sourceTree = "<group>"; };
		571647F527905E9D00FE7BFA /* P10_Reciplease.app */ = {isa = PBXFileReference; explicitFileType = wrapper.application; includeInIndex = 0; path = P10_Reciplease.app; sourceTree = BUILT_PRODUCTS_DIR; };
		571647F827905E9D00FE7BFA /* AppDelegate.swift */ = {isa = PBXFileReference; lastKnownFileType = sourcecode.swift; path = AppDelegate.swift; sourceTree = "<group>"; };
		571647FA27905E9D00FE7BFA /* SceneDelegate.swift */ = {isa = PBXFileReference; lastKnownFileType = sourcecode.swift; path = SceneDelegate.swift; sourceTree = "<group>"; };
		571647FC27905E9D00FE7BFA /* SearchViewController.swift */ = {isa = PBXFileReference; lastKnownFileType = sourcecode.swift; path = SearchViewController.swift; sourceTree = "<group>"; };
		571647FF27905E9E00FE7BFA /* Base */ = {isa = PBXFileReference; lastKnownFileType = file.storyboard; name = Base; path = Base.lproj/Main.storyboard; sourceTree = "<group>"; };
		5716480227905E9E00FE7BFA /* P10_Reciplease.xcdatamodel */ = {isa = PBXFileReference; lastKnownFileType = wrapper.xcdatamodel; path = P10_Reciplease.xcdatamodel; sourceTree = "<group>"; };
		5716480427905E9F00FE7BFA /* Assets.xcassets */ = {isa = PBXFileReference; lastKnownFileType = folder.assetcatalog; path = Assets.xcassets; sourceTree = "<group>"; };
		5716480727905E9F00FE7BFA /* Base */ = {isa = PBXFileReference; lastKnownFileType = file.storyboard; name = Base; path = Base.lproj/LaunchScreen.storyboard; sourceTree = "<group>"; };
		5716480927905E9F00FE7BFA /* Info.plist */ = {isa = PBXFileReference; lastKnownFileType = text.plist.xml; name = Info.plist; path = P10_Reciplease/SupportingFiles/Info.plist; sourceTree = SOURCE_ROOT; };
		5716480E27905E9F00FE7BFA /* P10_RecipleaseTests.xctest */ = {isa = PBXFileReference; explicitFileType = wrapper.cfbundle; includeInIndex = 0; path = P10_RecipleaseTests.xctest; sourceTree = BUILT_PRODUCTS_DIR; };
		5716481227905E9F00FE7BFA /* P10_RecipleaseTests.swift */ = {isa = PBXFileReference; lastKnownFileType = sourcecode.swift; path = P10_RecipleaseTests.swift; sourceTree = "<group>"; };
		57446B622793787000230767 /* DirectionWebViewController.swift */ = {isa = PBXFileReference; lastKnownFileType = sourcecode.swift; path = DirectionWebViewController.swift; sourceTree = "<group>"; };
		575158CD2794A9E000C2F951 /* UIView+addBlurEffect.swift */ = {isa = PBXFileReference; lastKnownFileType = sourcecode.swift; path = "UIView+addBlurEffect.swift"; sourceTree = "<group>"; };
		575158CF2794ABF100C2F951 /* UIView+addBlackGradient.swift */ = {isa = PBXFileReference; lastKnownFileType = sourcecode.swift; path = "UIView+addBlackGradient.swift"; sourceTree = "<group>"; };
		5769F62D2790952C009726F7 /* RecipeData.swift */ = {isa = PBXFileReference; lastKnownFileType = sourcecode.swift; path = RecipeData.swift; sourceTree = "<group>"; };
		5769F62F2790A7A0009726F7 /* SearchResultTableViewCell.swift */ = {isa = PBXFileReference; lastKnownFileType = sourcecode.swift; path = SearchResultTableViewCell.swift; sourceTree = "<group>"; };
		5769F6302790A7A0009726F7 /* SearchResultTableViewCell.xib */ = {isa = PBXFileReference; lastKnownFileType = file.xib; path = SearchResultTableViewCell.xib; sourceTree = "<group>"; };
		5769F6332790AC8F009726F7 /* SearchResultViewController.swift */ = {isa = PBXFileReference; lastKnownFileType = sourcecode.swift; path = SearchResultViewController.swift; sourceTree = "<group>"; };
		5769F6352790ACEA009726F7 /* FavoriteRecipeRepository.swift */ = {isa = PBXFileReference; lastKnownFileType = sourcecode.swift; path = FavoriteRecipeRepository.swift; sourceTree = "<group>"; };
		5769F6372790AD43009726F7 /* Recipe.swift */ = {isa = PBXFileReference; lastKnownFileType = sourcecode.swift; path = Recipe.swift; sourceTree = "<group>"; };
		576E480F2791AF6200996F3B /* RecipeModel.swift */ = {isa = PBXFileReference; lastKnownFileType = sourcecode.swift; path = RecipeModel.swift; sourceTree = "<group>"; };
		579322752791DEFD008922F8 /* RecipeDetailsViewController.swift */ = {isa = PBXFileReference; lastKnownFileType = sourcecode.swift; path = RecipeDetailsViewController.swift; sourceTree = "<group>"; };
		579322772791FF89008922F8 /* FavoriteViewController.swift */ = {isa = PBXFileReference; lastKnownFileType = sourcecode.swift; path = FavoriteViewController.swift; sourceTree = "<group>"; };
		5795572B27932E8600A2C45E /* RecipeIngredient.swift */ = {isa = PBXFileReference; lastKnownFileType = sourcecode.swift; path = RecipeIngredient.swift; sourceTree = "<group>"; };
		5795572E27932F1A00A2C45E /* RecipeIngredientRepository.swift */ = {isa = PBXFileReference; lastKnownFileType = sourcecode.swift; path = RecipeIngredientRepository.swift; sourceTree = "<group>"; };
		57C2C03F27906FB800EF509E /* RecipeService.swift */ = {isa = PBXFileReference; lastKnownFileType = sourcecode.swift; path = RecipeService.swift; sourceTree = "<group>"; };
		57C2C0412790724100EF509E /* FridgeIngredient.swift */ = {isa = PBXFileReference; lastKnownFileType = sourcecode.swift; path = FridgeIngredient.swift; sourceTree = "<group>"; };
		57C2C043279074FD00EF509E /* FridgeIngredientRepository.swift */ = {isa = PBXFileReference; lastKnownFileType = sourcecode.swift; path = FridgeIngredientRepository.swift; sourceTree = "<group>"; };
		57C2C0452790754A00EF509E /* CoreDataStack.swift */ = {isa = PBXFileReference; lastKnownFileType = sourcecode.swift; path = CoreDataStack.swift; sourceTree = "<group>"; };
		5F0A1E115EE9BD15107113AE /* Pods-P10_Reciplease.release.xcconfig */ = {isa = PBXFileReference; includeInIndex = 1; lastKnownFileType = text.xcconfig; name = "Pods-P10_Reciplease.release.xcconfig"; path = "Target Support Files/Pods-P10_Reciplease/Pods-P10_Reciplease.release.xcconfig"; sourceTree = "<group>"; };
		A15581FB9952C5A1D3CA2AC1 /* Pods-P10_Reciplease.debug.xcconfig */ = {isa = PBXFileReference; includeInIndex = 1; lastKnownFileType = text.xcconfig; name = "Pods-P10_Reciplease.debug.xcconfig"; path = "Target Support Files/Pods-P10_Reciplease/Pods-P10_Reciplease.debug.xcconfig"; sourceTree = "<group>"; };
		ECCBB49463E0CC6BB55DEE3E /* Pods_P10_RecipleaseTests.framework */ = {isa = PBXFileReference; explicitFileType = wrapper.framework; includeInIndex = 0; path = Pods_P10_RecipleaseTests.framework; sourceTree = BUILT_PRODUCTS_DIR; };
/* End PBXFileReference section */

/* Begin PBXFrameworksBuildPhase section */
		571647F227905E9D00FE7BFA /* Frameworks */ = {
			isa = PBXFrameworksBuildPhase;
			buildActionMask = 2147483647;
			files = (
				3F5A1222FF3142681E45BF00 /* Pods_P10_Reciplease.framework in Frameworks */,
			);
			runOnlyForDeploymentPostprocessing = 0;
		};
		5716480B27905E9F00FE7BFA /* Frameworks */ = {
			isa = PBXFrameworksBuildPhase;
			buildActionMask = 2147483647;
			files = (
				86E4D751874B52EED89239A8 /* Pods_P10_RecipleaseTests.framework in Frameworks */,
			);
			runOnlyForDeploymentPostprocessing = 0;
		};
/* End PBXFrameworksBuildPhase section */

/* Begin PBXGroup section */
		571647EC27905E9D00FE7BFA = {
			isa = PBXGroup;
			children = (
				571647F727905E9D00FE7BFA /* P10_Reciplease */,
				5716481127905E9F00FE7BFA /* P10_RecipleaseTests */,
				571647F627905E9D00FE7BFA /* Products */,
				BBD9F0CA14551D6AE93760DE /* Pods */,
				DA1107AAD43A895C9DA11651 /* Frameworks */,
			);
			sourceTree = "<group>";
		};
		571647F627905E9D00FE7BFA /* Products */ = {
			isa = PBXGroup;
			children = (
				571647F527905E9D00FE7BFA /* P10_Reciplease.app */,
				5716480E27905E9F00FE7BFA /* P10_RecipleaseTests.xctest */,
			);
			name = Products;
			sourceTree = "<group>";
		};
		571647F727905E9D00FE7BFA /* P10_Reciplease */ = {
			isa = PBXGroup;
			children = (
				579322702791C8D4008922F8 /* Extensions */,
				5716482E27905EEB00FE7BFA /* CoreData */,
				5716482D27905EDB00FE7BFA /* Model */,
				5716482B27905EC700FE7BFA /* Controller */,
				5716482C27905ED400FE7BFA /* View */,
				5716482F27905F0400FE7BFA /* SupportingFiles */,
			);
			path = P10_Reciplease;
			sourceTree = "<group>";
		};
		5716481127905E9F00FE7BFA /* P10_RecipleaseTests */ = {
			isa = PBXGroup;
			children = (
				5716481227905E9F00FE7BFA /* P10_RecipleaseTests.swift */,
			);
			path = P10_RecipleaseTests;
			sourceTree = "<group>";
		};
		5716482B27905EC700FE7BFA /* Controller */ = {
			isa = PBXGroup;
			children = (
				571647FC27905E9D00FE7BFA /* SearchViewController.swift */,
				5769F6332790AC8F009726F7 /* SearchResultViewController.swift */,
				579322752791DEFD008922F8 /* RecipeDetailsViewController.swift */,
				579322772791FF89008922F8 /* FavoriteViewController.swift */,
				57446B622793787000230767 /* DirectionWebViewController.swift */,
			);
			path = Controller;
			sourceTree = "<group>";
		};
		5716482C27905ED400FE7BFA /* View */ = {
			isa = PBXGroup;
			children = (
				571647FE27905E9E00FE7BFA /* Main.storyboard */,
				5716480627905E9F00FE7BFA /* LaunchScreen.storyboard */,
				5769F62F2790A7A0009726F7 /* SearchResultTableViewCell.swift */,
				5769F6302790A7A0009726F7 /* SearchResultTableViewCell.xib */,
			);
			path = View;
			sourceTree = "<group>";
		};
		5716482D27905EDB00FE7BFA /* Model */ = {
			isa = PBXGroup;
			children = (
				5795572D27932ECE00A2C45E /* Recipe */,
				5769F6352790ACEA009726F7 /* FavoriteRecipeRepository.swift */,
				57C2C043279074FD00EF509E /* FridgeIngredientRepository.swift */,
				5795572E27932F1A00A2C45E /* RecipeIngredientRepository.swift */,
			);
			path = Model;
			sourceTree = "<group>";
		};
		5716482E27905EEB00FE7BFA /* CoreData */ = {
			isa = PBXGroup;
			children = (
				5716480127905E9E00FE7BFA /* P10_Reciplease.xcdatamodeld */,
				57C2C0452790754A00EF509E /* CoreDataStack.swift */,
				57C2C0412790724100EF509E /* FridgeIngredient.swift */,
				5769F6372790AD43009726F7 /* Recipe.swift */,
				5795572B27932E8600A2C45E /* RecipeIngredient.swift */,
			);
			path = CoreData;
			sourceTree = "<group>";
		};
		5716482F27905F0400FE7BFA /* SupportingFiles */ = {
			isa = PBXGroup;
			children = (
				571647F827905E9D00FE7BFA /* AppDelegate.swift */,
				571647FA27905E9D00FE7BFA /* SceneDelegate.swift */,
				5716480427905E9F00FE7BFA /* Assets.xcassets */,
				5716480927905E9F00FE7BFA /* Info.plist */,
			);
			path = SupportingFiles;
			sourceTree = "<group>";
		};
		579322702791C8D4008922F8 /* Extensions */ = {
			isa = PBXGroup;
			children = (
				575158CD2794A9E000C2F951 /* UIView+addBlurEffect.swift */,
				575158CF2794ABF100C2F951 /* UIView+addBlackGradient.swift */,
			);
			path = Extensions;
			sourceTree = "<group>";
		};
		5795572D27932ECE00A2C45E /* Recipe */ = {
			isa = PBXGroup;
			children = (
				57C2C03F27906FB800EF509E /* RecipeService.swift */,
				5769F62D2790952C009726F7 /* RecipeData.swift */,
				576E480F2791AF6200996F3B /* RecipeModel.swift */,
			);
			path = Recipe;
			sourceTree = "<group>";
		};
		BBD9F0CA14551D6AE93760DE /* Pods */ = {
			isa = PBXGroup;
			children = (
				A15581FB9952C5A1D3CA2AC1 /* Pods-P10_Reciplease.debug.xcconfig */,
				5F0A1E115EE9BD15107113AE /* Pods-P10_Reciplease.release.xcconfig */,
				1CB042983539FE6405B6098E /* Pods-P10_RecipleaseTests.debug.xcconfig */,
				08F41544424959F7064BDC5D /* Pods-P10_RecipleaseTests.release.xcconfig */,
			);
			path = Pods;
			sourceTree = "<group>";
		};
		DA1107AAD43A895C9DA11651 /* Frameworks */ = {
			isa = PBXGroup;
			children = (
				189AA09E19746D0339E76A69 /* Pods_P10_Reciplease.framework */,
				ECCBB49463E0CC6BB55DEE3E /* Pods_P10_RecipleaseTests.framework */,
			);
			name = Frameworks;
			sourceTree = "<group>";
		};
/* End PBXGroup section */

/* Begin PBXNativeTarget section */
		571647F427905E9D00FE7BFA /* P10_Reciplease */ = {
			isa = PBXNativeTarget;
			buildConfigurationList = 5716482227905E9F00FE7BFA /* Build configuration list for PBXNativeTarget "P10_Reciplease" */;
			buildPhases = (
				5697FB43D45E588C6B476D27 /* [CP] Check Pods Manifest.lock */,
				571647F127905E9D00FE7BFA /* Sources */,
				571647F227905E9D00FE7BFA /* Frameworks */,
				571647F327905E9D00FE7BFA /* Resources */,
				F70A4AA7A8D852EA5C82C14F /* [CP] Embed Pods Frameworks */,
			);
			buildRules = (
			);
			dependencies = (
			);
			name = P10_Reciplease;
			productName = P10_Reciplease;
			productReference = 571647F527905E9D00FE7BFA /* P10_Reciplease.app */;
			productType = "com.apple.product-type.application";
		};
		5716480D27905E9F00FE7BFA /* P10_RecipleaseTests */ = {
			isa = PBXNativeTarget;
			buildConfigurationList = 5716482527905E9F00FE7BFA /* Build configuration list for PBXNativeTarget "P10_RecipleaseTests" */;
			buildPhases = (
				F844E73A84BA98C1174B64C4 /* [CP] Check Pods Manifest.lock */,
				5716480A27905E9F00FE7BFA /* Sources */,
				5716480B27905E9F00FE7BFA /* Frameworks */,
				5716480C27905E9F00FE7BFA /* Resources */,
			);
			buildRules = (
			);
			dependencies = (
				5716481027905E9F00FE7BFA /* PBXTargetDependency */,
			);
			name = P10_RecipleaseTests;
			productName = P10_RecipleaseTests;
			productReference = 5716480E27905E9F00FE7BFA /* P10_RecipleaseTests.xctest */;
			productType = "com.apple.product-type.bundle.unit-test";
		};
/* End PBXNativeTarget section */

/* Begin PBXProject section */
		571647ED27905E9D00FE7BFA /* Project object */ = {
			isa = PBXProject;
			attributes = {
				BuildIndependentTargetsInParallel = 1;
				LastSwiftUpdateCheck = 1320;
				LastUpgradeCheck = 1320;
				TargetAttributes = {
					571647F427905E9D00FE7BFA = {
						CreatedOnToolsVersion = 13.2.1;
					};
					5716480D27905E9F00FE7BFA = {
						CreatedOnToolsVersion = 13.2.1;
						TestTargetID = 571647F427905E9D00FE7BFA;
					};
				};
			};
			buildConfigurationList = 571647F027905E9D00FE7BFA /* Build configuration list for PBXProject "P10_Reciplease" */;
			compatibilityVersion = "Xcode 13.0";
			developmentRegion = en;
			hasScannedForEncodings = 0;
			knownRegions = (
				en,
				Base,
			);
			mainGroup = 571647EC27905E9D00FE7BFA;
			productRefGroup = 571647F627905E9D00FE7BFA /* Products */;
			projectDirPath = "";
			projectRoot = "";
			targets = (
				571647F427905E9D00FE7BFA /* P10_Reciplease */,
				5716480D27905E9F00FE7BFA /* P10_RecipleaseTests */,
			);
		};
/* End PBXProject section */

/* Begin PBXResourcesBuildPhase section */
		571647F327905E9D00FE7BFA /* Resources */ = {
			isa = PBXResourcesBuildPhase;
			buildActionMask = 2147483647;
			files = (
				5716480827905E9F00FE7BFA /* LaunchScreen.storyboard in Resources */,
				5716480527905E9F00FE7BFA /* Assets.xcassets in Resources */,
				5769F6322790A7A0009726F7 /* SearchResultTableViewCell.xib in Resources */,
				5716480027905E9E00FE7BFA /* Main.storyboard in Resources */,
			);
			runOnlyForDeploymentPostprocessing = 0;
		};
		5716480C27905E9F00FE7BFA /* Resources */ = {
			isa = PBXResourcesBuildPhase;
			buildActionMask = 2147483647;
			files = (
			);
			runOnlyForDeploymentPostprocessing = 0;
		};
/* End PBXResourcesBuildPhase section */

/* Begin PBXShellScriptBuildPhase section */
		5697FB43D45E588C6B476D27 /* [CP] Check Pods Manifest.lock */ = {
			isa = PBXShellScriptBuildPhase;
			buildActionMask = 2147483647;
			files = (
			);
			inputFileListPaths = (
			);
			inputPaths = (
				"${PODS_PODFILE_DIR_PATH}/Podfile.lock",
				"${PODS_ROOT}/Manifest.lock",
			);
			name = "[CP] Check Pods Manifest.lock";
			outputFileListPaths = (
			);
			outputPaths = (
				"$(DERIVED_FILE_DIR)/Pods-P10_Reciplease-checkManifestLockResult.txt",
			);
			runOnlyForDeploymentPostprocessing = 0;
			shellPath = /bin/sh;
			shellScript = "diff \"${PODS_PODFILE_DIR_PATH}/Podfile.lock\" \"${PODS_ROOT}/Manifest.lock\" > /dev/null\nif [ $? != 0 ] ; then\n    # print error to STDERR\n    echo \"error: The sandbox is not in sync with the Podfile.lock. Run 'pod install' or update your CocoaPods installation.\" >&2\n    exit 1\nfi\n# This output is used by Xcode 'outputs' to avoid re-running this script phase.\necho \"SUCCESS\" > \"${SCRIPT_OUTPUT_FILE_0}\"\n";
			showEnvVarsInLog = 0;
		};
		F70A4AA7A8D852EA5C82C14F /* [CP] Embed Pods Frameworks */ = {
			isa = PBXShellScriptBuildPhase;
			buildActionMask = 2147483647;
			files = (
			);
			inputFileListPaths = (
				"${PODS_ROOT}/Target Support Files/Pods-P10_Reciplease/Pods-P10_Reciplease-frameworks-${CONFIGURATION}-input-files.xcfilelist",
			);
			name = "[CP] Embed Pods Frameworks";
			outputFileListPaths = (
				"${PODS_ROOT}/Target Support Files/Pods-P10_Reciplease/Pods-P10_Reciplease-frameworks-${CONFIGURATION}-output-files.xcfilelist",
			);
			runOnlyForDeploymentPostprocessing = 0;
			shellPath = /bin/sh;
			shellScript = "\"${PODS_ROOT}/Target Support Files/Pods-P10_Reciplease/Pods-P10_Reciplease-frameworks.sh\"\n";
			showEnvVarsInLog = 0;
		};
		F844E73A84BA98C1174B64C4 /* [CP] Check Pods Manifest.lock */ = {
			isa = PBXShellScriptBuildPhase;
			buildActionMask = 2147483647;
			files = (
			);
			inputFileListPaths = (
			);
			inputPaths = (
				"${PODS_PODFILE_DIR_PATH}/Podfile.lock",
				"${PODS_ROOT}/Manifest.lock",
			);
			name = "[CP] Check Pods Manifest.lock";
			outputFileListPaths = (
			);
			outputPaths = (
				"$(DERIVED_FILE_DIR)/Pods-P10_RecipleaseTests-checkManifestLockResult.txt",
			);
			runOnlyForDeploymentPostprocessing = 0;
			shellPath = /bin/sh;
			shellScript = "diff \"${PODS_PODFILE_DIR_PATH}/Podfile.lock\" \"${PODS_ROOT}/Manifest.lock\" > /dev/null\nif [ $? != 0 ] ; then\n    # print error to STDERR\n    echo \"error: The sandbox is not in sync with the Podfile.lock. Run 'pod install' or update your CocoaPods installation.\" >&2\n    exit 1\nfi\n# This output is used by Xcode 'outputs' to avoid re-running this script phase.\necho \"SUCCESS\" > \"${SCRIPT_OUTPUT_FILE_0}\"\n";
			showEnvVarsInLog = 0;
		};
/* End PBXShellScriptBuildPhase section */

/* Begin PBXSourcesBuildPhase section */
		571647F127905E9D00FE7BFA /* Sources */ = {
			isa = PBXSourcesBuildPhase;
			buildActionMask = 2147483647;
			files = (
				575158D02794ABF100C2F951 /* UIView+addBlackGradient.swift in Sources */,
				57C2C044279074FD00EF509E /* FridgeIngredientRepository.swift in Sources */,
				57446B632793787000230767 /* DirectionWebViewController.swift in Sources */,
				5769F6312790A7A0009726F7 /* SearchResultTableViewCell.swift in Sources */,
				576E48102791AF6200996F3B /* RecipeModel.swift in Sources */,
				5716480327905E9E00FE7BFA /* P10_Reciplease.xcdatamodeld in Sources */,
				571647FD27905E9D00FE7BFA /* SearchViewController.swift in Sources */,
				57C2C04027906FB800EF509E /* RecipeService.swift in Sources */,
				571647F927905E9D00FE7BFA /* AppDelegate.swift in Sources */,
				57C2C0422790724100EF509E /* FridgeIngredient.swift in Sources */,
				5795572C27932E8600A2C45E /* RecipeIngredient.swift in Sources */,
				571647FB27905E9D00FE7BFA /* SceneDelegate.swift in Sources */,
				57C2C0462790754A00EF509E /* CoreDataStack.swift in Sources */,
				5769F6382790AD43009726F7 /* Recipe.swift in Sources */,
				579322762791DEFD008922F8 /* RecipeDetailsViewController.swift in Sources */,
				579322782791FF89008922F8 /* FavoriteViewController.swift in Sources */,
				5769F6362790ACEA009726F7 /* FavoriteRecipeRepository.swift in Sources */,
				5769F6342790AC8F009726F7 /* SearchResultViewController.swift in Sources */,
				575158CE2794A9E000C2F951 /* UIView+addBlurEffect.swift in Sources */,
				5795572F27932F1A00A2C45E /* RecipeIngredientRepository.swift in Sources */,
				5769F62E2790952C009726F7 /* RecipeData.swift in Sources */,
			);
			runOnlyForDeploymentPostprocessing = 0;
		};
		5716480A27905E9F00FE7BFA /* Sources */ = {
			isa = PBXSourcesBuildPhase;
			buildActionMask = 2147483647;
			files = (
				5716481327905E9F00FE7BFA /* P10_RecipleaseTests.swift in Sources */,
			);
			runOnlyForDeploymentPostprocessing = 0;
		};
/* End PBXSourcesBuildPhase section */

/* Begin PBXTargetDependency section */
		5716481027905E9F00FE7BFA /* PBXTargetDependency */ = {
			isa = PBXTargetDependency;
			target = 571647F427905E9D00FE7BFA /* P10_Reciplease */;
			targetProxy = 5716480F27905E9F00FE7BFA /* PBXContainerItemProxy */;
		};
/* End PBXTargetDependency section */

/* Begin PBXVariantGroup section */
		571647FE27905E9E00FE7BFA /* Main.storyboard */ = {
			isa = PBXVariantGroup;
			children = (
				571647FF27905E9E00FE7BFA /* Base */,
			);
			name = Main.storyboard;
			sourceTree = "<group>";
		};
		5716480627905E9F00FE7BFA /* LaunchScreen.storyboard */ = {
			isa = PBXVariantGroup;
			children = (
				5716480727905E9F00FE7BFA /* Base */,
			);
			name = LaunchScreen.storyboard;
			sourceTree = "<group>";
		};
/* End PBXVariantGroup section */

/* Begin XCBuildConfiguration section */
		5716482027905E9F00FE7BFA /* Debug */ = {
			isa = XCBuildConfiguration;
			buildSettings = {
				ALWAYS_SEARCH_USER_PATHS = NO;
				CLANG_ANALYZER_NONNULL = YES;
				CLANG_ANALYZER_NUMBER_OBJECT_CONVERSION = YES_AGGRESSIVE;
				CLANG_CXX_LANGUAGE_STANDARD = "gnu++17";
				CLANG_CXX_LIBRARY = "libc++";
				CLANG_ENABLE_MODULES = YES;
				CLANG_ENABLE_OBJC_ARC = YES;
				CLANG_ENABLE_OBJC_WEAK = YES;
				CLANG_WARN_BLOCK_CAPTURE_AUTORELEASING = YES;
				CLANG_WARN_BOOL_CONVERSION = YES;
				CLANG_WARN_COMMA = YES;
				CLANG_WARN_CONSTANT_CONVERSION = YES;
				CLANG_WARN_DEPRECATED_OBJC_IMPLEMENTATIONS = YES;
				CLANG_WARN_DIRECT_OBJC_ISA_USAGE = YES_ERROR;
				CLANG_WARN_DOCUMENTATION_COMMENTS = YES;
				CLANG_WARN_EMPTY_BODY = YES;
				CLANG_WARN_ENUM_CONVERSION = YES;
				CLANG_WARN_INFINITE_RECURSION = YES;
				CLANG_WARN_INT_CONVERSION = YES;
				CLANG_WARN_NON_LITERAL_NULL_CONVERSION = YES;
				CLANG_WARN_OBJC_IMPLICIT_RETAIN_SELF = YES;
				CLANG_WARN_OBJC_LITERAL_CONVERSION = YES;
				CLANG_WARN_OBJC_ROOT_CLASS = YES_ERROR;
				CLANG_WARN_QUOTED_INCLUDE_IN_FRAMEWORK_HEADER = YES;
				CLANG_WARN_RANGE_LOOP_ANALYSIS = YES;
				CLANG_WARN_STRICT_PROTOTYPES = YES;
				CLANG_WARN_SUSPICIOUS_MOVE = YES;
				CLANG_WARN_UNGUARDED_AVAILABILITY = YES_AGGRESSIVE;
				CLANG_WARN_UNREACHABLE_CODE = YES;
				CLANG_WARN__DUPLICATE_METHOD_MATCH = YES;
				COPY_PHASE_STRIP = NO;
				DEBUG_INFORMATION_FORMAT = dwarf;
				ENABLE_STRICT_OBJC_MSGSEND = YES;
				ENABLE_TESTABILITY = YES;
				GCC_C_LANGUAGE_STANDARD = gnu11;
				GCC_DYNAMIC_NO_PIC = NO;
				GCC_NO_COMMON_BLOCKS = YES;
				GCC_OPTIMIZATION_LEVEL = 0;
				GCC_PREPROCESSOR_DEFINITIONS = (
					"DEBUG=1",
					"$(inherited)",
				);
				GCC_WARN_64_TO_32_BIT_CONVERSION = YES;
				GCC_WARN_ABOUT_RETURN_TYPE = YES_ERROR;
				GCC_WARN_UNDECLARED_SELECTOR = YES;
				GCC_WARN_UNINITIALIZED_AUTOS = YES_AGGRESSIVE;
				GCC_WARN_UNUSED_FUNCTION = YES;
				GCC_WARN_UNUSED_VARIABLE = YES;
				INFOPLIST_FILE = P10_Reciplease/SupportingFiles/Info.plist;
				IPHONEOS_DEPLOYMENT_TARGET = 15.2;
				MTL_ENABLE_DEBUG_INFO = INCLUDE_SOURCE;
				MTL_FAST_MATH = YES;
				ONLY_ACTIVE_ARCH = YES;
				SDKROOT = iphoneos;
				SWIFT_ACTIVE_COMPILATION_CONDITIONS = DEBUG;
				SWIFT_OPTIMIZATION_LEVEL = "-Onone";
			};
			name = Debug;
		};
		5716482127905E9F00FE7BFA /* Release */ = {
			isa = XCBuildConfiguration;
			buildSettings = {
				ALWAYS_SEARCH_USER_PATHS = NO;
				CLANG_ANALYZER_NONNULL = YES;
				CLANG_ANALYZER_NUMBER_OBJECT_CONVERSION = YES_AGGRESSIVE;
				CLANG_CXX_LANGUAGE_STANDARD = "gnu++17";
				CLANG_CXX_LIBRARY = "libc++";
				CLANG_ENABLE_MODULES = YES;
				CLANG_ENABLE_OBJC_ARC = YES;
				CLANG_ENABLE_OBJC_WEAK = YES;
				CLANG_WARN_BLOCK_CAPTURE_AUTORELEASING = YES;
				CLANG_WARN_BOOL_CONVERSION = YES;
				CLANG_WARN_COMMA = YES;
				CLANG_WARN_CONSTANT_CONVERSION = YES;
				CLANG_WARN_DEPRECATED_OBJC_IMPLEMENTATIONS = YES;
				CLANG_WARN_DIRECT_OBJC_ISA_USAGE = YES_ERROR;
				CLANG_WARN_DOCUMENTATION_COMMENTS = YES;
				CLANG_WARN_EMPTY_BODY = YES;
				CLANG_WARN_ENUM_CONVERSION = YES;
				CLANG_WARN_INFINITE_RECURSION = YES;
				CLANG_WARN_INT_CONVERSION = YES;
				CLANG_WARN_NON_LITERAL_NULL_CONVERSION = YES;
				CLANG_WARN_OBJC_IMPLICIT_RETAIN_SELF = YES;
				CLANG_WARN_OBJC_LITERAL_CONVERSION = YES;
				CLANG_WARN_OBJC_ROOT_CLASS = YES_ERROR;
				CLANG_WARN_QUOTED_INCLUDE_IN_FRAMEWORK_HEADER = YES;
				CLANG_WARN_RANGE_LOOP_ANALYSIS = YES;
				CLANG_WARN_STRICT_PROTOTYPES = YES;
				CLANG_WARN_SUSPICIOUS_MOVE = YES;
				CLANG_WARN_UNGUARDED_AVAILABILITY = YES_AGGRESSIVE;
				CLANG_WARN_UNREACHABLE_CODE = YES;
				CLANG_WARN__DUPLICATE_METHOD_MATCH = YES;
				COPY_PHASE_STRIP = NO;
				DEBUG_INFORMATION_FORMAT = "dwarf-with-dsym";
				ENABLE_NS_ASSERTIONS = NO;
				ENABLE_STRICT_OBJC_MSGSEND = YES;
				GCC_C_LANGUAGE_STANDARD = gnu11;
				GCC_NO_COMMON_BLOCKS = YES;
				GCC_WARN_64_TO_32_BIT_CONVERSION = YES;
				GCC_WARN_ABOUT_RETURN_TYPE = YES_ERROR;
				GCC_WARN_UNDECLARED_SELECTOR = YES;
				GCC_WARN_UNINITIALIZED_AUTOS = YES_AGGRESSIVE;
				GCC_WARN_UNUSED_FUNCTION = YES;
				GCC_WARN_UNUSED_VARIABLE = YES;
				INFOPLIST_FILE = P10_Reciplease/SupportingFiles/Info.plist;
				IPHONEOS_DEPLOYMENT_TARGET = 15.2;
				MTL_ENABLE_DEBUG_INFO = NO;
				MTL_FAST_MATH = YES;
				SDKROOT = iphoneos;
				SWIFT_COMPILATION_MODE = wholemodule;
				SWIFT_OPTIMIZATION_LEVEL = "-O";
				VALIDATE_PRODUCT = YES;
			};
			name = Release;
		};
		5716482327905E9F00FE7BFA /* Debug */ = {
			isa = XCBuildConfiguration;
			baseConfigurationReference = A15581FB9952C5A1D3CA2AC1 /* Pods-P10_Reciplease.debug.xcconfig */;
			buildSettings = {
				ASSETCATALOG_COMPILER_APPICON_NAME = AppIcon;
				ASSETCATALOG_COMPILER_GLOBAL_ACCENT_COLOR_NAME = AccentColor;
				CODE_SIGN_STYLE = Automatic;
				CURRENT_PROJECT_VERSION = 1;
				DEVELOPMENT_TEAM = C56BCY6PTD;
				GENERATE_INFOPLIST_FILE = YES;
				INFOPLIST_FILE = P10_Reciplease/SupportingFiles/Info.plist;
				INFOPLIST_KEY_UIApplicationSupportsIndirectInputEvents = YES;
				INFOPLIST_KEY_UILaunchStoryboardName = LaunchScreen;
				INFOPLIST_KEY_UIMainStoryboardFile = Main;
				INFOPLIST_KEY_UISupportedInterfaceOrientations_iPad = "UIInterfaceOrientationPortrait UIInterfaceOrientationPortraitUpsideDown UIInterfaceOrientationLandscapeLeft UIInterfaceOrientationLandscapeRight";
				INFOPLIST_KEY_UISupportedInterfaceOrientations_iPhone = "UIInterfaceOrientationPortrait UIInterfaceOrientationLandscapeLeft UIInterfaceOrientationLandscapeRight";
				LD_RUNPATH_SEARCH_PATHS = (
					"$(inherited)",
					"@executable_path/Frameworks",
				);
				MARKETING_VERSION = 1.0;
				PRODUCT_BUNDLE_IDENTIFIER = "com.sebios.P10-Reciplease";
				PRODUCT_NAME = "$(TARGET_NAME)";
				SWIFT_EMIT_LOC_STRINGS = YES;
				SWIFT_VERSION = 5.0;
				TARGETED_DEVICE_FAMILY = 1;
			};
			name = Debug;
		};
		5716482427905E9F00FE7BFA /* Release */ = {
			isa = XCBuildConfiguration;
			baseConfigurationReference = 5F0A1E115EE9BD15107113AE /* Pods-P10_Reciplease.release.xcconfig */;
			buildSettings = {
				ASSETCATALOG_COMPILER_APPICON_NAME = AppIcon;
				ASSETCATALOG_COMPILER_GLOBAL_ACCENT_COLOR_NAME = AccentColor;
				CODE_SIGN_STYLE = Automatic;
				CURRENT_PROJECT_VERSION = 1;
				DEVELOPMENT_TEAM = C56BCY6PTD;
				GENERATE_INFOPLIST_FILE = YES;
				INFOPLIST_FILE = P10_Reciplease/SupportingFiles/Info.plist;
				INFOPLIST_KEY_UIApplicationSupportsIndirectInputEvents = YES;
				INFOPLIST_KEY_UILaunchStoryboardName = LaunchScreen;
				INFOPLIST_KEY_UIMainStoryboardFile = Main;
				INFOPLIST_KEY_UISupportedInterfaceOrientations_iPad = "UIInterfaceOrientationPortrait UIInterfaceOrientationPortraitUpsideDown UIInterfaceOrientationLandscapeLeft UIInterfaceOrientationLandscapeRight";
				INFOPLIST_KEY_UISupportedInterfaceOrientations_iPhone = "UIInterfaceOrientationPortrait UIInterfaceOrientationLandscapeLeft UIInterfaceOrientationLandscapeRight";
				LD_RUNPATH_SEARCH_PATHS = (
					"$(inherited)",
					"@executable_path/Frameworks",
				);
				MARKETING_VERSION = 1.0;
				PRODUCT_BUNDLE_IDENTIFIER = "com.sebios.P10-Reciplease";
				PRODUCT_NAME = "$(TARGET_NAME)";
				SWIFT_EMIT_LOC_STRINGS = YES;
				SWIFT_VERSION = 5.0;
				TARGETED_DEVICE_FAMILY = 1;
			};
			name = Release;
		};
		5716482627905E9F00FE7BFA /* Debug */ = {
			isa = XCBuildConfiguration;
			baseConfigurationReference = 1CB042983539FE6405B6098E /* Pods-P10_RecipleaseTests.debug.xcconfig */;
			buildSettings = {
				ALWAYS_EMBED_SWIFT_STANDARD_LIBRARIES = YES;
				BUNDLE_LOADER = "$(TEST_HOST)";
				CODE_SIGN_STYLE = Automatic;
				CURRENT_PROJECT_VERSION = 1;
				DEVELOPMENT_TEAM = C56BCY6PTD;
				GENERATE_INFOPLIST_FILE = YES;
				IPHONEOS_DEPLOYMENT_TARGET = 15.2;
				MARKETING_VERSION = 1.0;
				PRODUCT_BUNDLE_IDENTIFIER = "com.sebios.P10-RecipleaseTests";
				PRODUCT_NAME = "$(TARGET_NAME)";
				SWIFT_EMIT_LOC_STRINGS = NO;
				SWIFT_VERSION = 5.0;
				TARGETED_DEVICE_FAMILY = "1,2";
				TEST_HOST = "$(BUILT_PRODUCTS_DIR)/P10_Reciplease.app/P10_Reciplease";
			};
			name = Debug;
		};
		5716482727905E9F00FE7BFA /* Release */ = {
			isa = XCBuildConfiguration;
			baseConfigurationReference = 08F41544424959F7064BDC5D /* Pods-P10_RecipleaseTests.release.xcconfig */;
			buildSettings = {
				ALWAYS_EMBED_SWIFT_STANDARD_LIBRARIES = YES;
				BUNDLE_LOADER = "$(TEST_HOST)";
				CODE_SIGN_STYLE = Automatic;
				CURRENT_PROJECT_VERSION = 1;
				DEVELOPMENT_TEAM = C56BCY6PTD;
				GENERATE_INFOPLIST_FILE = YES;
				IPHONEOS_DEPLOYMENT_TARGET = 15.2;
				MARKETING_VERSION = 1.0;
				PRODUCT_BUNDLE_IDENTIFIER = "com.sebios.P10-RecipleaseTests";
				PRODUCT_NAME = "$(TARGET_NAME)";
				SWIFT_EMIT_LOC_STRINGS = NO;
				SWIFT_VERSION = 5.0;
				TARGETED_DEVICE_FAMILY = "1,2";
				TEST_HOST = "$(BUILT_PRODUCTS_DIR)/P10_Reciplease.app/P10_Reciplease";
			};
			name = Release;
		};
/* End XCBuildConfiguration section */

/* Begin XCConfigurationList section */
		571647F027905E9D00FE7BFA /* Build configuration list for PBXProject "P10_Reciplease" */ = {
			isa = XCConfigurationList;
			buildConfigurations = (
				5716482027905E9F00FE7BFA /* Debug */,
				5716482127905E9F00FE7BFA /* Release */,
			);
			defaultConfigurationIsVisible = 0;
			defaultConfigurationName = Release;
		};
		5716482227905E9F00FE7BFA /* Build configuration list for PBXNativeTarget "P10_Reciplease" */ = {
			isa = XCConfigurationList;
			buildConfigurations = (
				5716482327905E9F00FE7BFA /* Debug */,
				5716482427905E9F00FE7BFA /* Release */,
			);
			defaultConfigurationIsVisible = 0;
			defaultConfigurationName = Release;
		};
		5716482527905E9F00FE7BFA /* Build configuration list for PBXNativeTarget "P10_RecipleaseTests" */ = {
			isa = XCConfigurationList;
			buildConfigurations = (
				5716482627905E9F00FE7BFA /* Debug */,
				5716482727905E9F00FE7BFA /* Release */,
			);
			defaultConfigurationIsVisible = 0;
			defaultConfigurationName = Release;
		};
/* End XCConfigurationList section */

/* Begin XCVersionGroup section */
		5716480127905E9E00FE7BFA /* P10_Reciplease.xcdatamodeld */ = {
			isa = XCVersionGroup;
			children = (
				5716480227905E9E00FE7BFA /* P10_Reciplease.xcdatamodel */,
			);
			currentVersion = 5716480227905E9E00FE7BFA /* P10_Reciplease.xcdatamodel */;
			path = P10_Reciplease.xcdatamodeld;
			sourceTree = "<group>";
			versionGroupType = wrapper.xcdatamodel;
		};
/* End XCVersionGroup section */
	};
	rootObject = 571647ED27905E9D00FE7BFA /* Project object */;
}
